// !$*UTF8*$!
{
	archiveVersion = 1;
	classes = {
	};
	objectVersion = 46;
	objects = {

/* Begin PBXBuildFile section */
		4B3D546A1B32A6D2001B348D /* main.m in Sources */ = {isa = PBXBuildFile; fileRef = 4B3D54691B32A6D2001B348D /* main.m */; };
		4B3D546D1B32A6D2001B348D /* AppDelegate.m in Sources */ = {isa = PBXBuildFile; fileRef = 4B3D546C1B32A6D2001B348D /* AppDelegate.m */; };
		4B3D54701B32A6D2001B348D /* ViewController.m in Sources */ = {isa = PBXBuildFile; fileRef = 4B3D546F1B32A6D2001B348D /* ViewController.m */; };
		4B3D54731B32A6D2001B348D /* Main.storyboard in Resources */ = {isa = PBXBuildFile; fileRef = 4B3D54711B32A6D2001B348D /* Main.storyboard */; };
		4B3D54751B32A6D2001B348D /* Images.xcassets in Resources */ = {isa = PBXBuildFile; fileRef = 4B3D54741B32A6D2001B348D /* Images.xcassets */; };
		4B3D54781B32A6D2001B348D /* LaunchScreen.xib in Resources */ = {isa = PBXBuildFile; fileRef = 4B3D54761B32A6D2001B348D /* LaunchScreen.xib */; };
		4B3D548E1B32A6E5001B348D /* CFNetwork.framework in Frameworks */ = {isa = PBXBuildFile; fileRef = 4B3D548D1B32A6E5001B348D /* CFNetwork.framework */; };
/* End PBXBuildFile section */

/* Begin PBXFileReference section */
		4B3D54641B32A6D2001B348D /* ImageSizeTest.app */ = {isa = PBXFileReference; explicitFileType = wrapper.application; includeInIndex = 0; path = ImageSizeTest.app; sourceTree = BUILT_PRODUCTS_DIR; };
		4B3D54681B32A6D2001B348D /* Info.plist */ = {isa = PBXFileReference; lastKnownFileType = text.plist.xml; path = Info.plist; sourceTree = "<group>"; };
		4B3D54691B32A6D2001B348D /* main.m */ = {isa = PBXFileReference; lastKnownFileType = sourcecode.c.objc; path = main.m; sourceTree = "<group>"; };
		4B3D546B1B32A6D2001B348D /* AppDelegate.h */ = {isa = PBXFileReference; lastKnownFileType = sourcecode.c.h; path = AppDelegate.h; sourceTree = "<group>"; };
		4B3D546C1B32A6D2001B348D /* AppDelegate.m */ = {isa = PBXFileReference; lastKnownFileType = sourcecode.c.objc; path = AppDelegate.m; sourceTree = "<group>"; };
		4B3D546E1B32A6D2001B348D /* ViewController.h */ = {isa = PBXFileReference; lastKnownFileType = sourcecode.c.h; path = ViewController.h; sourceTree = "<group>"; };
		4B3D546F1B32A6D2001B348D /* ViewController.m */ = {isa = PBXFileReference; lastKnownFileType = sourcecode.c.objc; path = ViewController.m; sourceTree = "<group>"; };
		4B3D54721B32A6D2001B348D /* Base */ = {isa = PBXFileReference; lastKnownFileType = file.storyboard; name = Base; path = Base.lproj/Main.storyboard; sourceTree = "<group>"; };
		4B3D54741B32A6D2001B348D /* Images.xcassets */ = {isa = PBXFileReference; lastKnownFileType = folder.assetcatalog; path = Images.xcassets; sourceTree = "<group>"; };
		4B3D54771B32A6D2001B348D /* Base */ = {isa = PBXFileReference; lastKnownFileType = file.xib; name = Base; path = Base.lproj/LaunchScreen.xib; sourceTree = "<group>"; };
		4B3D54821B32A6D2001B348D /* Info.plist */ = {isa = PBXFileReference; lastKnownFileType = text.plist.xml; path = Info.plist; sourceTree = "<group>"; };
		4B3D54831B32A6D2001B348D /* ImageSizeTestTests.m */ = {isa = PBXFileReference; lastKnownFileType = sourcecode.c.objc; path = ImageSizeTestTests.m; sourceTree = "<group>"; };
		4B3D548D1B32A6E5001B348D /* CFNetwork.framework */ = {isa = PBXFileReference; lastKnownFileType = wrapper.framework; name = CFNetwork.framework; path = System/Library/Frameworks/CFNetwork.framework; sourceTree = SDKROOT; };
/* End PBXFileReference section */

/* Begin PBXFrameworksBuildPhase section */
		4B3D54611B32A6D2001B348D /* Frameworks */ = {
			isa = PBXFrameworksBuildPhase;
			buildActionMask = 2147483647;
			files = (
				4B3D548E1B32A6E5001B348D /* CFNetwork.framework in Frameworks */,
			);
			runOnlyForDeploymentPostprocessing = 0;
		};
/* End PBXFrameworksBuildPhase section */

/* Begin PBXGroup section */
		4B3D545B1B32A6D1001B348D = {
			isa = PBXGroup;
			children = (
				4B3D548D1B32A6E5001B348D /* CFNetwork.framework */,
				4B3D54661B32A6D2001B348D /* ImageSizeTest */,
				4B3D54801B32A6D2001B348D /* ImageSizeTestTests */,
				4B3D54651B32A6D2001B348D /* Products */,
			);
			sourceTree = "<group>";
		};
		4B3D54651B32A6D2001B348D /* Products */ = {
			isa = PBXGroup;
			children = (
				4B3D54641B32A6D2001B348D /* ImageSizeTest.app */,
			);
			name = Products;
			sourceTree = "<group>";
		};
		4B3D54661B32A6D2001B348D /* ImageSizeTest */ = {
			isa = PBXGroup;
			children = (
				4B3D546B1B32A6D2001B348D /* AppDelegate.h */,
				4B3D546C1B32A6D2001B348D /* AppDelegate.m */,
				4B3D546E1B32A6D2001B348D /* ViewController.h */,
				4B3D546F1B32A6D2001B348D /* ViewController.m */,
				4B3D54711B32A6D2001B348D /* Main.storyboard */,
				4B3D54741B32A6D2001B348D /* Images.xcassets */,
				4B3D54761B32A6D2001B348D /* LaunchScreen.xib */,
				4B3D54671B32A6D2001B348D /* Supporting Files */,
			);
			path = ImageSizeTest;
			sourceTree = "<group>";
		};
		4B3D54671B32A6D2001B348D /* Supporting Files */ = {
			isa = PBXGroup;
			children = (
				4B3D54681B32A6D2001B348D /* Info.plist */,
				4B3D54691B32A6D2001B348D /* main.m */,
			);
			name = "Supporting Files";
			sourceTree = "<group>";
		};
		4B3D54801B32A6D2001B348D /* ImageSizeTestTests */ = {
			isa = PBXGroup;
			children = (
				4B3D54831B32A6D2001B348D /* ImageSizeTestTests.m */,
				4B3D54811B32A6D2001B348D /* Supporting Files */,
			);
			path = ImageSizeTestTests;
			sourceTree = "<group>";
		};
		4B3D54811B32A6D2001B348D /* Supporting Files */ = {
			isa = PBXGroup;
			children = (
				4B3D54821B32A6D2001B348D /* Info.plist */,
			);
			name = "Supporting Files";
			sourceTree = "<group>";
		};
/* End PBXGroup section */

/* Begin PBXNativeTarget section */
		4B3D54631B32A6D2001B348D /* ImageSizeTest */ = {
			isa = PBXNativeTarget;
			buildConfigurationList = 4B3D54871B32A6D2001B348D /* Build configuration list for PBXNativeTarget "ImageSizeTest" */;
			buildPhases = (
				4B3D54601B32A6D2001B348D /* Sources */,
				4B3D54611B32A6D2001B348D /* Frameworks */,
				4B3D54621B32A6D2001B348D /* Resources */,
			);
			buildRules = (
			);
			dependencies = (
			);
			name = ImageSizeTest;
			productName = ImageSizeTest;
			productReference = 4B3D54641B32A6D2001B348D /* ImageSizeTest.app */;
			productType = "com.apple.product-type.application";
		};
/* End PBXNativeTarget section */

/* Begin PBXProject section */
		4B3D545C1B32A6D1001B348D /* Project object */ = {
			isa = PBXProject;
			attributes = {
				LastUpgradeCheck = 0630;
				ORGANIZATIONNAME = "TX-009";
				TargetAttributes = {
					4B3D54631B32A6D2001B348D = {
						CreatedOnToolsVersion = 6.3.2;
					};
				};
			};
			buildConfigurationList = 4B3D545F1B32A6D1001B348D /* Build configuration list for PBXProject "ImageSizeTest" */;
			compatibilityVersion = "Xcode 3.2";
			developmentRegion = English;
			hasScannedForEncodings = 0;
			knownRegions = (
				en,
				Base,
			);
			mainGroup = 4B3D545B1B32A6D1001B348D;
			productRefGroup = 4B3D54651B32A6D2001B348D /* Products */;
			projectDirPath = "";
			projectRoot = "";
			targets = (
				4B3D54631B32A6D2001B348D /* ImageSizeTest */,
			);
		};
/* End PBXProject section */

/* Begin PBXResourcesBuildPhase section */
		4B3D54621B32A6D2001B348D /* Resources */ = {
			isa = PBXResourcesBuildPhase;
			buildActionMask = 2147483647;
			files = (
				4B3D54731B32A6D2001B348D /* Main.storyboard in Resources */,
				4B3D54781B32A6D2001B348D /* LaunchScreen.xib in Resources */,
				4B3D54751B32A6D2001B348D /* Images.xcassets in Resources */,
			);
			runOnlyForDeploymentPostprocessing = 0;
		};
/* End PBXResourcesBuildPhase section */

/* Begin PBXSourcesBuildPhase section */
		4B3D54601B32A6D2001B348D /* Sources */ = {
			isa = PBXSourcesBuildPhase;
			buildActionMask = 2147483647;
			files = (
				4B3D54701B32A6D2001B348D /* ViewController.m in Sources */,
				4B3D546D1B32A6D2001B348D /* AppDelegate.m in Sources */,
				4B3D546A1B32A6D2001B348D /* main.m in Sources */,
			);
			runOnlyForDeploymentPostprocessing = 0;
		};
/* End PBXSourcesBuildPhase section */

/* Begin PBXVariantGroup section */
		4B3D54711B32A6D2001B348D /* Main.storyboard */ = {
			isa = PBXVariantGroup;
			children = (
				4B3D54721B32A6D2001B348D /* Base */,
			);
			name = Main.storyboard;
			sourceTree = "<group>";
		};
		4B3D54761B32A6D2001B348D /* LaunchScreen.xib */ = {
			isa = PBXVariantGroup;
			children = (
				4B3D54771B32A6D2001B348D /* Base */,
			);
			name = LaunchScreen.xib;
			sourceTree = "<group>";
		};
/* End PBXVariantGroup section */

/* Begin XCBuildConfiguration section */
		4B3D54851B32A6D2001B348D /* Debug */ = {
			isa = XCBuildConfiguration;
			buildSettings = {
				ALWAYS_SEARCH_USER_PATHS = NO;
				CLANG_CXX_LANGUAGE_STANDARD = "gnu++0x";
				CLANG_CXX_LIBRARY = "libc++";
				CLANG_ENABLE_MODULES = YES;
				CLANG_ENABLE_OBJC_ARC = YES;
				CLANG_WARN_BOOL_CONVERSION = YES;
				CLANG_WARN_CONSTANT_CONVERSION = YES;
				CLANG_WARN_DIRECT_OBJC_ISA_USAGE = YES_ERROR;
				CLANG_WARN_EMPTY_BODY = YES;
				CLANG_WARN_ENUM_CONVERSION = YES;
				CLANG_WARN_INT_CONVERSION = YES;
				CLANG_WARN_OBJC_ROOT_CLASS = YES_ERROR;
				CLANG_WARN_UNREACHABLE_CODE = YES;
				CLANG_WARN__DUPLICATE_METHOD_MATCH = YES;
				"CODE_SIGN_IDENTITY[sdk=iphoneos*]" = "iPhone Developer";
				COPY_PHASE_STRIP = NO;
				DEBUG_INFORMATION_FORMAT = "dwarf-with-dsym";
				ENABLE_STRICT_OBJC_MSGSEND = YES;
				GCC_C_LANGUAGE_STANDARD = gnu99;
				GCC_DYNAMIC_NO_PIC = NO;
				GCC_NO_COMMON_BLOCKS = YES;
				GCC_OPTIMIZATION_LEVEL = 0;
				GCC_PREPROCESSOR_DEFINITIONS = (
					"DEBUG=1",
					"$(inherited)",
				);
				GCC_SYMBOLS_PRIVATE_EXTERN = NO;
				GCC_WARN_64_TO_32_BIT_CONVERSION = YES;
				GCC_WARN_ABOUT_RETURN_TYPE = YES_ERROR;
				GCC_WARN_UNDECLARED_SELECTOR = YES;
				GCC_WARN_UNINITIALIZED_AUTOS = YES_AGGRESSIVE;
				GCC_WARN_UNUSED_FUNCTION = YES;
				GCC_WARN_UNUSED_VARIABLE = YES;
				IPHONEOS_DEPLOYMENT_TARGET = 8.3;
				MTL_ENABLE_DEBUG_INFO = YES;
				ONLY_ACTIVE_ARCH = YES;
				SDKROOT = iphoneos;
			};
			name = Debug;
		};
		4B3D54861B32A6D2001B348D /* Release */ = {
			isa = XCBuildConfiguration;
			buildSettings = {
				ALWAYS_SEARCH_USER_PATHS = NO;
				CLANG_CXX_LANGUAGE_STANDARD = "gnu++0x";
				CLANG_CXX_LIBRARY = "libc++";
				CLANG_ENABLE_MODULES = YES;
				CLANG_ENABLE_OBJC_ARC = YES;
				CLANG_WARN_BOOL_CONVERSION = YES;
				CLANG_WARN_CONSTANT_CONVERSION = YES;
				CLANG_WARN_DIRECT_OBJC_ISA_USAGE = YES_ERROR;
				CLANG_WARN_EMPTY_BODY = YES;
				CLANG_WARN_ENUM_CONVERSION = YES;
				CLANG_WARN_INT_CONVERSION = YES;
				CLANG_WARN_OBJC_ROOT_CLASS = YES_ERROR;
				CLANG_WARN_UNREACHABLE_CODE = YES;
				CLANG_WARN__DUPLICATE_METHOD_MATCH = YES;
				"CODE_SIGN_IDENTITY[sdk=iphoneos*]" = "iPhone Developer";
				COPY_PHASE_STRIP = NO;
				DEBUG_INFORMATION_FORMAT = "dwarf-with-dsym";
				ENABLE_NS_ASSERTIONS = NO;
				ENABLE_STRICT_OBJC_MSGSEND = YES;
				GCC_C_LANGUAGE_STANDARD = gnu99;
				GCC_NO_COMMON_BLOCKS = YES;
				GCC_WARN_64_TO_32_BIT_CONVERSION = YES;
				GCC_WARN_ABOUT_RETURN_TYPE = YES_ERROR;
				GCC_WARN_UNDECLARED_SELECTOR = YES;
				GCC_WARN_UNINITIALIZED_AUTOS = YES_AGGRESSIVE;
				GCC_WARN_UNUSED_FUNCTION = YES;
				GCC_WARN_UNUSED_VARIABLE = YES;
				IPHONEOS_DEPLOYMENT_TARGET = 8.3;
				MTL_ENABLE_DEBUG_INFO = NO;
				SDKROOT = iphoneos;
				VALIDATE_PRODUCT = YES;
			};
			name = Release;
		};
		4B3D54881B32A6D2001B348D /* Debug */ = {
			isa = XCBuildConfiguration;
			buildSettings = {
				ASSETCATALOG_COMPILER_APPICON_NAME = AppIcon;
				INFOPLIST_FILE = ImageSizeTest/Info.plist;
				LD_RUNPATH_SEARCH_PATHS = "$(inherited) @executable_path/Frameworks";
				PRODUCT_NAME = "$(TARGET_NAME)";
			};
			name = Debug;
		};
		4B3D54891B32A6D2001B348D /* Release */ = {
			isa = XCBuildConfiguration;
			buildSettings = {
				ASSETCATALOG_COMPILER_APPICON_NAME = AppIcon;
				INFOPLIST_FILE = ImageSizeTest/Info.plist;
				LD_RUNPATH_SEARCH_PATHS = "$(inherited) @executable_path/Frameworks";
				PRODUCT_NAME = "$(TARGET_NAME)";
			};
			name = Release;
		};
/* End XCBuildConfiguration section */

/* Begin XCConfigurationList section */
		4B3D545F1B32A6D1001B348D /* Build configuration list for PBXProject "ImageSizeTest" */ = {
			isa = XCConfigurationList;
			buildConfigurations = (
				4B3D54851B32A6D2001B348D /* Debug */,
				4B3D54861B32A6D2001B348D /* Release */,
			);
			defaultConfigurationIsVisible = 0;
			defaultConfigurationName = Release;
		};
		4B3D54871B32A6D2001B348D /* Build configuration list for PBXNativeTarget "ImageSizeTest" */ = {
			isa = XCConfigurationList;
			buildConfigurations = (
				4B3D54881B32A6D2001B348D /* Debug */,
				4B3D54891B32A6D2001B348D /* Release */,
			);
			defaultConfigurationIsVisible = 0;
		};
/* End XCConfigurationList section */
	};
	rootObject = 4B3D545C1B32A6D1001B348D /* Project object */;
}
